lockfileVersion: '9.0'

settings:
  autoInstallPeers: true
  excludeLinksFromLockfile: false

importers:

  .:
    dependencies:
      '@supabase/supabase-js':
        specifier: ^2.111.0
        version: 2.111.0
      dotenv:
        specifier: ^16.4.5
        version: 16.6.1
    devDependencies:
      '@types/node':
        specifier: ^24.0.0
        version: 24.13.3
      prettier:
        specifier: ^3.9.6
        version: 3.9.6
      supabase:
        specifier: ^2.111.0
        version: 2.111.0
      tsx:
        specifier: ^4.19.0
        version: 4.23.5
      typescript:
        specifier: ^5.7.0
        version: 5.9.3

packages:

  '@ecies/ciphers@0.2.6':
    resolution: {integrity: sha512-patgsRPKGkhhoBjETV4XxD0En4ui5fbX0hzayqI3M8tvNMGUoUvmyYAIWwlxBc1KX5cturfqByYdj5bYGRpN9g==}
    engines: {bun: '>=1', deno: '>=2.7.10', node: '>=16'}
    peerDependencies:
      '@noble/ciphers': ^1.0.0

  '@esbuild/aix-ppc64@0.28.1':
    resolution: {integrity: sha512-Svl7tq8k/08+p6CXPpRjQ1fKX+1odH/BQbb48fV6fj3CWHhsoIOoY87w1oHXm0qEpkIK3ZfVgp0hed3XBXzXMQ==}
    engines: {node: '>=18'}
    cpu: [ppc64]
    os: [aix]

  '@esbuild/android-arm64@0.28.1':
    resolution: {integrity: sha512-34EGEbCIAgosYz6goLcopX6Mo7NyGv9tfwEM2/7Ce2VcVRk568iSvniGWcUXIy7wEDR1wzolcxcriFVrWYcwBg==}
    engines: {node: '>=18'}
    cpu: [arm64]
    os: [android]

  '@esbuild/android-arm@0.28.1':
    resolution: {integrity: sha512-0k2F129Xdio1TdJfzJ8sy1Q47vUD2NnwdhiAf7drUN1EBTfPf4hsFCtmMgu/6m8JSzsBrlmVjudMBQqOfG8usQ==}
    engines: {node: '>=18'}
    cpu: [arm]
    os: [android]

  '@esbuild/android-x64@0.28.1':
    resolution: {integrity: sha512-dbwY7ltSMDWsRatcRpCnES4F+im88OCUgGZjy52shC7GqHRE/cYlxNbB4Z4UpJswpcc4Qxd2oE/ufM0p61IKng==}
    engines: {node: '>=18'}
    cpu: [x64]
    os: [android]

  '@esbuild/darwin-arm64@0.28.1':
    resolution: {integrity: sha512-TZbWkQY7kvTAXbXUT7uVACR5cMHsDiSz9z7ZKAX/RTq/WJEk3QyRr0wZpNhBDX+/0CtdqUIJlOiodQcta6tY3Q==}
    engines: {node: '>=18'}
    cpu: [arm64]
    os: [darwin]

  '@esbuild/darwin-x64@0.28.1':
    resolution: {integrity: sha512-zfdzgK9ACBNZLI/CyHTOx81SyNbM6YXn7rxSgX97VjyiPl9W1i4Ka4fgKECEoFCKGpvBj5qArWIGgQjOwkgskQ==}
    engines: {node: '>=18'}
    cpu: [x64]
    os: [darwin]

  '@esbuild/freebsd-arm64@0.28.1':
    resolution: {integrity: sha512-wG2EA8ENdEI0qhkSZMjfqrdY+ziCYCPMmtZjjIwOmXFjmyzEHn+UUxk5of+SYsjtfs3VpnlC7QLzSI5hY/rOAw==}
    engines: {node: '>=18'}
    cpu: [arm64]
    os: [freebsd]

  '@esbuild/freebsd-x64@0.28.1':
    resolution: {integrity: sha512-i7dZ9vQgnvSCzi/rYCXNgtF/U+eKZNJBzu3eTQbRgHnM7tNSizLOkRFAl3qzVc/Op/u5YkHHa4pf/3DOYHthLQ==}
    engines: {node: '>=18'}
    cpu: [x64]
    os: [freebsd]

  '@esbuild/linux-arm64@0.28.1':
    resolution: {integrity: sha512-yHs+0uc8+nvEAfAfxrWQKK5peSNzBc4PegcMO0EJ2hT71uA7vB8Ihg2e77R2P7SG5uYjPbHlLLmve4LLLRCf0g==}
    engines: {node: '>=18'}
    cpu: [arm64]
    os: [linux]

  '@esbuild/linux-arm@0.28.1':
    resolution: {integrity: sha512-qVXBOHQS+d5Y722GwJzJUtOLlX7km3CraOaGormF1pDtPd2C/l1SHRPgjLunLGe51Sh5YYWKMFDyV4SxgMQYTQ==}
    engines: {node: '>=18'}
    cpu: [arm]
    os: [linux]

  '@esbuild/linux-ia32@0.28.1':
    resolution: {integrity: sha512-d1z4ZuP0ajrfz/FhGT4vv278rX8KnPPJx8i5+AtK7TYbx9Le9F1hyzurZpkEyjkGa9dUGhQow4C1NmeGvqxN2w==}
    engines: {node: '>=18'}
    cpu: [ia32]
    os: [linux]

  '@esbuild/linux-loong64@0.28.1':
    resolution: {integrity: sha512-M5sRjUVZrkm1OAPR3dlOYzNmN+loZKGVi1VUQGrwuqLcbR6qeAz+famMhjASeH3YVKvZz+zT1jlh/keC3Rj/lg==}
    engines: {node: '>=18'}
    cpu: [loong64]
    os: [linux]

  '@esbuild/linux-mips64el@0.28.1':
    resolution: {integrity: sha512-mRObBZeHh2OxcBFPWE/FjylkRgZdYuiTR3vaTozquCGOH14iP9oN4x4Ge81CoIDYQrXmIxpFumJBu5MtZpnQJQ==}
    engines: {node: '>=18'}
    cpu: [mips64el]
    os: [linux]

  '@esbuild/linux-ppc64@0.28.1':
    resolution: {integrity: sha512-slScBsMAb3GFDcdrCgLwZtPYRoH2H/youv10QiZyRjmsP48fznoveWytSgCI/R0ZcUgpc0ZhIUEx6LHts8yrfQ==}
    engines: {node: '>=18'}
    cpu: [ppc64]
    os: [linux]

  '@esbuild/linux-riscv64@0.28.1':
    resolution: {integrity: sha512-kw0owk1o0GFETUJyW0jc0G4Yzs0BHZn0JDZ8JRT088vjJYX777BAs1fDGxAC+q831qOs2DTC96mNsG2opdfyyQ==}
    engines: {node: '>=18'}
    cpu: [riscv64]
    os: [linux]

  '@esbuild/linux-s390x@0.28.1':
    resolution: {integrity: sha512-/lAIjX8aYFRByhh6L5rYtPEDRqa9de/4V/juOXcta5frjvzXO4/sqEtyytse0g3zZFuWu5cDN0MkLz2qRDD2Ag==}
    engines: {node: '>=18'}
    cpu: [s390x]
    os: [linux]

  '@esbuild/linux-x64@0.28.1':
    resolution: {integrity: sha512-u/anNYF2mmVOEDwLtnQ1wOr3EZ9sTNGLWrsYGYwHWzGA3Si84IOkHXlbWTD1NB+9/1lcnweYKO54uhxZydNzfA==}
    engines: {node: '>=18'}
    cpu: [x64]
    os: [linux]

  '@esbuild/netbsd-arm64@0.28.1':
    resolution: {integrity: sha512-oks0DYbLwWMmaakTsCb+zL4E+aHRVLom9IJZOAthMQEPiQmydXHkziYEsGYRx0uNV/IjEKGAV941JzH02pflqw==}
    engines: {node: '>=18'}
    cpu: [arm64]
    os: [netbsd]

  '@esbuild/netbsd-x64@0.28.1':
    resolution: {integrity: sha512-aeL6lAnN89Hz43Mlh1G8ARasbuoYvSITDEx0tHh5b7jJnHcssqgjy9Yx430GDpmCa6OyrKoS0aNRjKundRizGg==}
    engines: {node: '>=18'}
    cpu: [x64]
    os: [netbsd]

  '@esbuild/openbsd-arm64@0.28.1':
    resolution: {integrity: sha512-MEFJe5C3R8pwXdZ5Y21oo6m7ePiS0d9pWucn99O/wvyJZChoIQKrQDxKrGeW8F5+T0okTHesAmDeiHDTIq0V/Q==}
    engines: {node: '>=18'}
    cpu: [arm64]
    os: [openbsd]

  '@esbuild/openbsd-x64@0.28.1':
    resolution: {integrity: sha512-i/ZLIOafE0Z8cI/XANJAixoJL/uRAoS2xOA3rb0xN+KK0K177cMAsQYkzHtBrtMXAKuAc7HGgcWiZ/sRC1Nxgw==}
    engines: {node: '>=18'}
    cpu: [x64]
    os: [openbsd]

  '@esbuild/openharmony-arm64@0.28.1':
    resolution: {integrity: sha512-ge+Z7EXFNt2BO1oAMsVpiQ8EwndV9i1xXerAeTIK7AtPs3bKFXQM7nlRxDSIUIMeueR1CNXxqztLzdNeReKBJg==}
    engines: {node: '>=18'}
    cpu: [arm64]
    os: [openharmony]

  '@esbuild/sunos-x64@0.28.1':
    resolution: {integrity: sha512-BEjgtECkL3vY+SaSQ6nzVfiALUeFxpawyp8Jmf5PtYhf1Ug40N1h/hxlhts+f1FvSvarEigdxS3BlSMI2PJLcQ==}
    engines: {node: '>=18'}
    cpu: [x64]
    os: [sunos]

  '@esbuild/win32-arm64@0.28.1':
    resolution: {integrity: sha512-lCv9eK/H6ZJWbE7bh2nw54CZ9M2nupBxJcTsdk/QQnWkdSjKGuxmmH8/GWrlT1eMmZfn4dGcCjRte397WqfQXA==}
    engines: {node: '>=18'}
    cpu: [arm64]
    os: [win32]

  '@esbuild/win32-ia32@0.28.1':
    resolution: {integrity: sha512-zvb/mB2bSCoJOpoCBgYKKpX6YM6mJBlBUVUtVj41DlZJVEB6/0CKlRYxP5wWl1C1ILiCoAU5wZZ4q1P3qeS6Eg==}
    engines: {node: '>=18'}
    cpu: [ia32]
    os: [win32]

  '@esbuild/win32-x64@0.28.1':
    resolution: {integrity: sha512-bm4Mowrv+GXMlpWX++EcXw/iLyd1o3+bJkC2DkWXYVvgZCqD/bSj9ctZeAMC3cIxgjRVR2Dufaiu4YPxr5gW1A==}
    engines: {node: '>=18'}
    cpu: [x64]
    os: [win32]

  '@noble/ciphers@1.3.0':
    resolution: {integrity: sha512-2I0gnIVPtfnMw9ee9h1dJG7tp81+8Ob3OJb3Mv37rx5L40/b0i7djjCVvGOVqc9AEIQyvyu1i6ypKdFw8R8gQw==}
    engines: {node: ^14.21.3 || >=16}

  '@noble/curves@1.9.7':
    resolution: {integrity: sha512-gbKGcRUYIjA3/zCCNaWDciTMFI0dCkvou3TL8Zmy5Nc7sJ47a0jtOeZoTaMxkuqRo9cRhjOdZJXegxYE5FN/xw==}
    engines: {node: ^14.21.3 || >=16}

  '@noble/hashes@1.8.0':
    resolution: {integrity: sha512-jCs9ldd7NwzpgXDIf6P3+NrHh9/sD6CQdxHyjQI+h/6rDNo88ypBxxz45UDuZHz9r3tNz7N/VInSVoVdtXEI4A==}
    engines: {node: ^14.21.3 || >=16}

  '@supabase/auth-js@2.111.0':
    resolution: {integrity: sha512-hbRLgyQZEX0SDyF4LYXpv94qOIQyFATfpT5SIs2V0SisHnisVRkYgiPQWzv80l4S2mO3qof78rmoH9j5zoFsYQ==}
    engines: {node: '>=22.0.0'}

  '@supabase/cli-darwin-arm64@2.111.0':
    resolution: {integrity: sha512-H1ucZ+9Z37Ha7uqYrKHfAy1vXWMVsN4gNlKaOpjKUYoHwDEbueEHVIDA1/PBIUd4HX+usJfpq+R+gWqzM/FKqQ==}
    cpu: [arm64]
    os: [darwin]

  '@supabase/cli-darwin-x64@2.111.0':
    resolution: {integrity: sha512-4iMYm/XaAZJ8YzdJ2HBRVc7i9SRIwE6VQrnSt968WTt83M1y6knC7UENCKjMtO+As4QeZkICpUk50CeathqxbA==}
    cpu: [x64]
    os: [darwin]

  '@supabase/cli-linux-arm64-musl@2.111.0':
    resolution: {integrity: sha512-RnvbVlJ4TX/UIwLiglBVQ2eL4GAl9SfWZmM5LENXyIaohBcRZHDva5t2OyK+BPGBtngjVGpb3QyfLdvkt9yJcw==}
    cpu: [arm64]
    os: [linux]
    libc: [musl]

  '@supabase/cli-linux-arm64@2.111.0':
    resolution: {integrity: sha512-2KSHITFMXe2u5yALupBWHGeQ1IY4C8GkcIWPWgNFdtAPo03pgs1hLWgL1eeqSh/a0wB/6rgUlM1fQR/hAgCyCA==}
    cpu: [arm64]
    os: [linux]
    libc: [glibc]

  '@supabase/cli-linux-x64-musl@2.111.0':
    resolution: {integrity: sha512-2QVpsy/3v+TzqE5GgTCPruoxTlF3d8QPGirjcnah8hP66nxXStB9yTvxmJq+LtO3gwMt1Kpm7is0roZVkV55Pw==}
    cpu: [x64]
    os: [linux]
    libc: [musl]

  '@supabase/cli-linux-x64@2.111.0':
    resolution: {integrity: sha512-NwwNhiZZT4WYEPDXAbgZL+l77z/hoJ+w5t+52WBN1VlmoxwDmf2NP+UERM8wuCGFe/tmBlUuFE1eJYZfab0/qA==}
    cpu: [x64]
    os: [linux]
    libc: [glibc]

  '@supabase/cli-windows-arm64@2.111.0':
    resolution: {integrity: sha512-twawKY5xfU2dNOnZrKDmrudxRG/XIKcBxOb6X2lMGJU3N1Hd+8oWpI9TwM5Qv+eXehtlsKDmUvbitStXvJr/xQ==}
    cpu: [arm64]
    os: [win32]

  '@supabase/cli-windows-x64@2.111.0':
    resolution: {integrity: sha512-1F+X5tAYxAGx93ZZoIQBnIQ2Q2NnplKqjpigAS/zpTsNaWAjNi7EnxmuQKaEoAdqOHKbLhegVVDiw1+us3ZVpA==}
    cpu: [x64]
    os: [win32]

  '@supabase/functions-js@2.111.0':
    resolution: {integrity: sha512-RW/OCsd6MO592zU8ifzP8/f8XzxxIdpb+Up5XaOtE26Fw+3zTp475WX7+GuuktiD1WF8pFUDe6khUPbMp77RCw==}
    engines: {node: '>=22.0.0'}

  '@supabase/phoenix@0.4.5':
    resolution: {integrity: sha512-aAn9H9ovVyeApKy11OWOrrOGq8DV68yWeH4ud2lN9fzn4aO8Zb5GLL9m1pUg9nLqIcT+ZDfAcsZe0E/nqdv2lw==}

  '@supabase/postgrest-js@2.111.0':
    resolution: {integrity: sha512-pcqeDsnWP0lx9GawduYxNZJHeuTm53O7L0SC8RF8tniV3GWIPY6me6OTdnwzdwNUmNy1dzUVtSyIfE6+OflzPQ==}
    engines: {node: '>=22.0.0'}

  '@supabase/realtime-js@2.111.0':
    resolution: {integrity: sha512-6oRf/vZyRwg8f8GbFSJkrD2w4HAu/yTvyMViHXHS+H5hNJzdXCrUR7cP5oW7daT3YlRnzRPY9LcGSJKZAmfMSg==}
    engines: {node: '>=22.0.0'}

  '@supabase/storage-js@2.111.0':
    resolution: {integrity: sha512-UEViNmTzVOxE8dqUA81wls+n9xgmlvSFfhfwo6QxrO4kQOytCYyw3ciYFoi4XoD4Jl95NJ3jnndHN5iIudWzqw==}
    engines: {node: '>=22.0.0'}

  '@supabase/supabase-js@2.111.0':
    resolution: {integrity: sha512-9q0/AULthQnWeiDh1vGyjoJZbSY04bu6qHcWit70pqEYn5Kv/dkCPY62Ja1123jEnJbB9Vd2pjY7Kvk/lK3peA==}
    engines: {node: '>=22.0.0'}

  '@types/node@24.13.3':
    resolution: {integrity: sha512-Dh8vAsV36ig5wa9OX4pXvMc9D3Veibfw2wix0CUwYODLD8nkj9UsLjASr49nPg+2eKzxhBV+v7L8pXvT4e639Q==}

  dotenv@16.6.1:
    resolution: {integrity: sha512-uBq4egWHTcTt33a72vpSG0z3HnPuIl6NqYcTrKEg2azoEyl2hpW0zqlxysq2pK9HlDIHyHyakeYaYnSAwd8bow==}
    engines: {node: '>=12'}

  eciesjs@0.5.0:
    resolution: {integrity: sha512-s0J9SEVYAEPg7J63GFMApLYzPH9VNIQIyC6s15JpnqVc0TqcKWdbgFlnAweEBRyMmko2dcs2sfC83Hj4J43tuA==}
    engines: {bun: '>=1', deno: '>=2.7.10', node: '>=16'}

  esbuild@0.28.1:
    resolution: {integrity: sha512-HrJrvZv5ayxBzPfwphOoNzkzOIIlifzk0KJrGK2c8R4+LKpMtpYLQeUdjnwjWv/LZlkH2laZk+4w78pi99D4Vw==}
    engines: {node: '>=18'}
    hasBin: true

  fsevents@2.3.3:
    resolution: {integrity: sha512-5xoDfX+fL7faATnagmWPpbFtwh/R77WmMMqqHGS65C3vvB0YHrgF+B1YmZ3441tMj5n63k0212XNoJwzlhffQw==}
    engines: {node: ^8.16.0 || ^10.6.0 || >=11.0.0}
    os: [darwin]

  iceberg-js@0.8.1:
    resolution: {integrity: sha512-1dhVQZXhcHje7798IVM+xoo/1ZdVfzOMIc8/rgVSijRK38EDqOJoGula9N/8ZI5RD8QTxNQtK/Gozpr+qUqRRA==}
    engines: {node: '>=20.0.0'}

  jose@6.2.8:
    resolution: {integrity: sha512-Bsdjwm3Qsd/P0jR+BHDe3LytDfY7WBq2HmCCLIwuVRHMuEC9ae7/R474GIUdF1NgCyZjzVo/A9DOiOBtXq8ZoQ==}

  prettier@3.9.6:
    resolution: {integrity: sha512-OpN0zzVdiaiAhxpuuj5efpIS4sY9j7bY6uR5mnj5yPzGkdkjNKSJeUThPb60Jw29QuAZgA4o+/iB49kFiaBX6g==}
    engines: {node: '>=14'}
    hasBin: true

  supabase@2.111.0:
    resolution: {integrity: sha512-0cjCRdYNV1h2XXa0wm04mdct7QuDU7sMul/NwETRJmN3+HCsdEu6u5n0oygL97fdf6sDrGmnAdBh8E4wsv1ayg==}
    hasBin: true

  tslib@2.8.1:
    resolution: {integrity: sha512-oJFu94HQb+KVduSUQL7wnpmqnfmLsOA/nAh6b6EH0wCEoK0/mPeXU6c3wKDV83MkOuHPRHtSXKKU99IBazS/2w==}

  tsx@4.23.5:
    resolution: {integrity: sha512-rw55FUaqOoI7RvlQwLbhO4nSDApnQ4/CykPuiQ/EPvtrX3WA9Ig55jIt9VvbBJbzJuj12ueRu4PMZ2SxPVbihg==}
    engines: {node: '>=18.0.0'}
    hasBin: true

  typescript@5.9.3:
    resolution: {integrity: sha512-jl1vZzPDinLr9eUt3J/t7V6FgNEw9QjvBPdysz9KfQDD41fQrC2Y4vKQdiaUpFT4bXlb1RHhLpp8wtm6M5TgSw==}
    engines: {node: '>=14.17'}
    hasBin: true

  undici-types@7.18.2:
    resolution: {integrity: sha512-AsuCzffGHJybSaRrmr5eHr81mwJU3kjw6M+uprWvCXiNeN9SOGwQ3Jn8jb8m3Z6izVgknn1R0FTCEAP2QrLY/w==}

snapshots:

  '@ecies/ciphers@0.2.6(@noble/ciphers@1.3.0)':
    dependencies:
      '@noble/ciphers': 1.3.0

  '@esbuild/aix-ppc64@0.28.1':
    optional: true

  '@esbuild/android-arm64@0.28.1':
    optional: true

  '@esbuild/android-arm@0.28.1':
    optional: true

  '@esbuild/android-x64@0.28.1':
    optional: true

  '@esbuild/darwin-arm64@0.28.1':
    optional: true

  '@esbuild/darwin-x64@0.28.1':
    optional: true

  '@esbuild/freebsd-arm64@0.28.1':
    optional: true

  '@esbuild/freebsd-x64@0.28.1':
    optional: true

  '@esbuild/linux-arm64@0.28.1':
    optional: true

  '@esbuild/linux-arm@0.28.1':
    optional: true

  '@esbuild/linux-ia32@0.28.1':
    optional: true

  '@esbuild/linux-loong64@0.28.1':
    optional: true

  '@esbuild/linux-mips64el@0.28.1':
    optional: true

  '@esbuild/linux-ppc64@0.28.1':
    optional: true

  '@esbuild/linux-riscv64@0.28.1':
    optional: true

  '@esbuild/linux-s390x@0.28.1':
    optional: true

  '@esbuild/linux-x64@0.28.1':
    optional: true

  '@esbuild/netbsd-arm64@0.28.1':
    optional: true

  '@esbuild/netbsd-x64@0.28.1':
    optional: true

  '@esbuild/openbsd-arm64@0.28.1':
    optional: true

  '@esbuild/openbsd-x64@0.28.1':
    optional: true

  '@esbuild/openharmony-arm64@0.28.1':
    optional: true

  '@esbuild/sunos-x64@0.28.1':
    optional: true

  '@esbuild/win32-arm64@0.28.1':
    optional: true

  '@esbuild/win32-ia32@0.28.1':
    optional: true

  '@esbuild/win32-x64@0.28.1':
    optional: true

  '@noble/ciphers@1.3.0': {}

  '@noble/curves@1.9.7':
    dependencies:
      '@noble/hashes': 1.8.0

  '@noble/hashes@1.8.0': {}

  '@supabase/auth-js@2.111.0':
    dependencies:
      tslib: 2.8.1

  '@supabase/cli-darwin-arm64@2.111.0':
    optional: true

  '@supabase/cli-darwin-x64@2.111.0':
    optional: true

  '@supabase/cli-linux-arm64-musl@2.111.0':
    optional: true

  '@supabase/cli-linux-arm64@2.111.0':
    optional: true

  '@supabase/cli-linux-x64-musl@2.111.0':
    optional: true

  '@supabase/cli-linux-x64@2.111.0':
    optional: true

  '@supabase/cli-windows-arm64@2.111.0':
    optional: true

  '@supabase/cli-windows-x64@2.111.0':
    optional: true

  '@supabase/functions-js@2.111.0':
    dependencies:
      tslib: 2.8.1

  '@supabase/phoenix@0.4.5': {}

  '@supabase/postgrest-js@2.111.0':
    dependencies:
      tslib: 2.8.1

  '@supabase/realtime-js@2.111.0':
    dependencies:
      '@supabase/phoenix': 0.4.5
      tslib: 2.8.1

  '@supabase/storage-js@2.111.0':
    dependencies:
      iceberg-js: 0.8.1
      tslib: 2.8.1

  '@supabase/supabase-js@2.111.0':
    dependencies:
      '@supabase/auth-js': 2.111.0
      '@supabase/functions-js': 2.111.0
      '@supabase/postgrest-js': 2.111.0
      '@supabase/realtime-js': 2.111.0
      '@supabase/storage-js': 2.111.0

  '@types/node@24.13.3':
    dependencies:
      undici-types: 7.18.2

  dotenv@16.6.1: {}

  eciesjs@0.5.0:
    dependencies:
      '@ecies/ciphers': 0.2.6(@noble/ciphers@1.3.0)
      '@noble/ciphers': 1.3.0
      '@noble/curves': 1.9.7
      '@noble/hashes': 1.8.0

  esbuild@0.28.1:
    optionalDependencies:
      '@esbuild/aix-ppc64': 0.28.1
      '@esbuild/android-arm': 0.28.1
      '@esbuild/android-arm64': 0.28.1
      '@esbuild/android-x64': 0.28.1
      '@esbuild/darwin-arm64': 0.28.1
      '@esbuild/darwin-x64': 0.28.1
      '@esbuild/freebsd-arm64': 0.28.1
      '@esbuild/freebsd-x64': 0.28.1
      '@esbuild/linux-arm': 0.28.1
      '@esbuild/linux-arm64': 0.28.1
      '@esbuild/linux-ia32': 0.28.1
      '@esbuild/linux-loong64': 0.28.1
      '@esbuild/linux-mips64el': 0.28.1
      '@esbuild/linux-ppc64': 0.28.1
      '@esbuild/linux-riscv64': 0.28.1
      '@esbuild/linux-s390x': 0.28.1
      '@esbuild/linux-x64': 0.28.1
      '@esbuild/netbsd-arm64': 0.28.1
      '@esbuild/netbsd-x64': 0.28.1
      '@esbuild/openbsd-arm64': 0.28.1
      '@esbuild/openbsd-x64': 0.28.1
      '@esbuild/openharmony-arm64': 0.28.1
      '@esbuild/sunos-x64': 0.28.1
      '@esbuild/win32-arm64': 0.28.1
      '@esbuild/win32-ia32': 0.28.1
      '@esbuild/win32-x64': 0.28.1

  fsevents@2.3.3:
    optional: true

  iceberg-js@0.8.1: {}

  jose@6.2.8: {}

  prettier@3.9.6: {}

  supabase@2.111.0:
    dependencies:
      eciesjs: 0.5.0
      jose: 6.2.8
    optionalDependencies:
      '@supabase/cli-darwin-arm64': 2.111.0
      '@supabase/cli-darwin-x64': 2.111.0
      '@supabase/cli-linux-arm64': 2.111.0
      '@supabase/cli-linux-arm64-musl': 2.111.0
      '@supabase/cli-linux-x64': 2.111.0
      '@supabase/cli-linux-x64-musl': 2.111.0
      '@supabase/cli-windows-arm64': 2.111.0
      '@supabase/cli-windows-x64': 2.111.0

  tslib@2.8.1: {}

  tsx@4.23.5:
    dependencies:
      esbuild: 0.28.1
    optionalDependencies:
      fsevents: 2.3.3

  typescript@5.9.3: {}

  undici-types@7.18.2: {}
